
Microsoft Visual Studio Solution File, Format Version 12.00
# Visual Studio 14
VisualStudioVersion = 14.0.25420.1
MinimumVisualStudioVersion = 10.0.40219.1
Project("{FAE04EC0-301F-11D3-BF4B-00C04F79EFBC}") = "pacman", "pacman\pacman.csproj", "{ECE5A838-E181-493A-B9A2-6ADD01DE37F6}"
EndProject
Project("{FAE04EC0-301F-11D3-BF4B-00C04F79EFBC}") = "Server", "Server\Server.csproj", "{6E322048-35B5-43D1-9CB7-FD1B55ADE665}"
EndProject
Project("{FAE04EC0-301F-11D3-BF4B-00C04F79EFBC}") = "Proxy", "Proxy\Proxy.csproj", "{F460FC72-435E-4DB3-B11D-5EEDCB9A24E2}"
EndProject
Project("{FAE04EC0-301F-11D3-BF4B-00C04F79EFBC}") = "Puppetmaster", "Puppetmaster\Puppetmaster.csproj", "{F5E50F4D-1AC5-43C7-B6F0-6FDD318CD0B4}"
EndProject
Global
	GlobalSection(SolutionConfigurationPlatforms) = preSolution
		Debug|Any CPU = Debug|Any CPU
		Release|Any CPU = Release|Any CPU
	EndGlobalSection
	GlobalSection(ProjectConfigurationPlatforms) = postSolution
		{ECE5A838-E181-493A-B9A2-6ADD01DE37F6}.Debug|Any CPU.ActiveCfg = Debug|Any CPU
		{ECE5A838-E181-493A-B9A2-6ADD01DE37F6}.Debug|Any CPU.Build.0 = Debug|Any CPU
		{ECE5A838-E181-493A-B9A2-6ADD01DE37F6}.Release|Any CPU.ActiveCfg = Release|Any CPU
		{ECE5A838-E181-493A-B9A2-6ADD01DE37F6}.Release|Any CPU.Build.0 = Release|Any CPU
		{6E322048-35B5-43D1-9CB7-FD1B55ADE665}.Debug|Any CPU.ActiveCfg = Debug|Any CPU
		{6E322048-35B5-43D1-9CB7-FD1B55ADE665}.Debug|Any CPU.Build.0 = Debug|Any CPU
		{6E322048-35B5-43D1-9CB7-FD1B55ADE665}.Release|Any CPU.ActiveCfg = Release|Any CPU
		{6E322048-35B5-43D1-9CB7-FD1B55ADE665}.Release|Any CPU.Build.0 = Release|Any CPU
		{F460FC72-435E-4DB3-B11D-5EEDCB9A24E2}.Debug|Any CPU.ActiveCfg = Debug|Any CPU
		{F460FC72-435E-4DB3-B11D-5EEDCB9A24E2}.Debug|Any CPU.Build.0 = Debug|Any CPU
		{F460FC72-435E-4DB3-B11D-5EEDCB9A24E2}.Release|Any CPU.ActiveCfg = Release|Any CPU
		{F460FC72-435E-4DB3-B11D-5EEDCB9A24E2}.Release|Any CPU.Build.0 = Release|Any CPU
		{F5E50F4D-1AC5-43C7-B6F0-6FDD318CD0B4}.Debug|Any CPU.ActiveCfg = Debug|Any CPU
		{F5E50F4D-1AC5-43C7-B6F0-6FDD318CD0B4}.Debug|Any CPU.Build.0 = Debug|Any CPU
		{F5E50F4D-1AC5-43C7-B6F0-6FDD318CD0B4}.Release|Any CPU.ActiveCfg = Release|Any CPU
		{F5E50F4D-1AC5-43C7-B6F0-6FDD318CD0B4}.Release|Any CPU.Build.0 = Release|Any CPU
	EndGlobalSection
	GlobalSection(SolutionProperties) = preSolution
		HideSolutionNode = FALSE
	EndGlobalSection
EndGlobal
